
Microsoft Visual Studio Solution File, Format Version 12.00
# Visual Studio 15
VisualStudioVersion = 15.0.26430.13
MinimumVisualStudioVersion = 10.0.40219.1
Project("{FAE04EC0-301F-11D3-BF4B-00C04F79EFBC}") = "Postulate.WinForms", "Postulate.WinForms\Postulate.WinForms.csproj", "{24252B6B-D2A8-481E-B9FE-6F76FB16B7E9}"
EndProject
Project("{FAE04EC0-301F-11D3-BF4B-00C04F79EFBC}") = "TestWinForms", "TestWinForms\TestWinForms.csproj", "{D9B067E8-722C-4393-BF9C-43F5CB14C574}"
EndProject
Project("{FAE04EC0-301F-11D3-BF4B-00C04F79EFBC}") = "TestModelClasses", "TestModelClasses\TestModelClasses.csproj", "{00CDB10E-832E-422D-98AF-85CBF68C29D1}"
EndProject
Project("{FAE04EC0-301F-11D3-BF4B-00C04F79EFBC}") = "UnitTests", "UnitTests\UnitTests.csproj", "{77B0AAC3-9B41-46C7-AA9C-71777B962336}"
EndProject
Global
	GlobalSection(SolutionConfigurationPlatforms) = preSolution
		Debug|Any CPU = Debug|Any CPU
		Release|Any CPU = Release|Any CPU
	EndGlobalSection
	GlobalSection(ProjectConfigurationPlatforms) = postSolution
		{24252B6B-D2A8-481E-B9FE-6F76FB16B7E9}.Debug|Any CPU.ActiveCfg = Debug|Any CPU
		{24252B6B-D2A8-481E-B9FE-6F76FB16B7E9}.Debug|Any CPU.Build.0 = Debug|Any CPU
		{24252B6B-D2A8-481E-B9FE-6F76FB16B7E9}.Release|Any CPU.ActiveCfg = Release|Any CPU
		{24252B6B-D2A8-481E-B9FE-6F76FB16B7E9}.Release|Any CPU.Build.0 = Release|Any CPU
		{D9B067E8-722C-4393-BF9C-43F5CB14C574}.Debug|Any CPU.ActiveCfg = Debug|Any CPU
		{D9B067E8-722C-4393-BF9C-43F5CB14C574}.Debug|Any CPU.Build.0 = Debug|Any CPU
		{D9B067E8-722C-4393-BF9C-43F5CB14C574}.Release|Any CPU.ActiveCfg = Release|Any CPU
		{D9B067E8-722C-4393-BF9C-43F5CB14C574}.Release|Any CPU.Build.0 = Release|Any CPU
		{00CDB10E-832E-422D-98AF-85CBF68C29D1}.Debug|Any CPU.ActiveCfg = Debug|Any CPU
		{00CDB10E-832E-422D-98AF-85CBF68C29D1}.Debug|Any CPU.Build.0 = Debug|Any CPU
		{00CDB10E-832E-422D-98AF-85CBF68C29D1}.Release|Any CPU.ActiveCfg = Release|Any CPU
		{00CDB10E-832E-422D-98AF-85CBF68C29D1}.Release|Any CPU.Build.0 = Release|Any CPU
		{77B0AAC3-9B41-46C7-AA9C-71777B962336}.Debug|Any CPU.ActiveCfg = Debug|Any CPU
		{77B0AAC3-9B41-46C7-AA9C-71777B962336}.Debug|Any CPU.Build.0 = Debug|Any CPU
		{77B0AAC3-9B41-46C7-AA9C-71777B962336}.Release|Any CPU.ActiveCfg = Release|Any CPU
		{77B0AAC3-9B41-46C7-AA9C-71777B962336}.Release|Any CPU.Build.0 = Release|Any CPU
	EndGlobalSection
	GlobalSection(SolutionProperties) = preSolution
		HideSolutionNode = FALSE
	EndGlobalSection
EndGlobal
